// !$*UTF8*$!
{
	archiveVersion = 1;
	classes = {
	};
	objectVersion = 46;
	objects = {

/* Begin PBXBuildFile section */
		6287A4961BC582DD00A615CC /* main.m in Sources */ = {isa = PBXBuildFile; fileRef = 6287A4951BC582DD00A615CC /* main.m */; };
		6287A4991BC582DD00A615CC /* AppDelegate.m in Sources */ = {isa = PBXBuildFile; fileRef = 6287A4981BC582DD00A615CC /* AppDelegate.m */; };
		6287A49C1BC582DD00A615CC /* ViewController.m in Sources */ = {isa = PBXBuildFile; fileRef = 6287A49B1BC582DD00A615CC /* ViewController.m */; };
		6287A49F1BC582DD00A615CC /* Main.storyboard in Resources */ = {isa = PBXBuildFile; fileRef = 6287A49D1BC582DD00A615CC /* Main.storyboard */; };
		6287A4A11BC582DD00A615CC /* Assets.xcassets in Resources */ = {isa = PBXBuildFile; fileRef = 6287A4A01BC582DD00A615CC /* Assets.xcassets */; };
		6287A4A41BC582DD00A615CC /* LaunchScreen.storyboard in Resources */ = {isa = PBXBuildFile; fileRef = 6287A4A21BC582DD00A615CC /* LaunchScreen.storyboard */; };
/* End PBXBuildFile section */

/* Begin PBXFileReference section */
		6287A4911BC582DD00A615CC /* ReversMe.app */ = {isa = PBXFileReference; explicitFileType = wrapper.application; includeInIndex = 0; path = ReversMe.app; sourceTree = BUILT_PRODUCTS_DIR; };
		6287A4951BC582DD00A615CC /* main.m */ = {isa = PBXFileReference; lastKnownFileType = sourcecode.c.objc; path = main.m; sourceTree = "<group>"; };
		6287A4971BC582DD00A615CC /* AppDelegate.h */ = {isa = PBXFileReference; lastKnownFileType = sourcecode.c.h; path = AppDelegate.h; sourceTree = "<group>"; };
		6287A4981BC582DD00A615CC /* AppDelegate.m */ = {isa = PBXFileReference; lastKnownFileType = sourcecode.c.objc; path = AppDelegate.m; sourceTree = "<group>"; };
		6287A49A1BC582DD00A615CC /* ViewController.h */ = {isa = PBXFileReference; lastKnownFileType = sourcecode.c.h; path = ViewController.h; sourceTree = "<group>"; };
		6287A49B1BC582DD00A615CC /* ViewController.m */ = {isa = PBXFileReference; lastKnownFileType = sourcecode.c.objc; path = ViewController.m; sourceTree = "<group>"; };
		6287A49E1BC582DD00A615CC /* Base */ = {isa = PBXFileReference; lastKnownFileType = file.storyboard; name = Base; path = Base.lproj/Main.storyboard; sourceTree = "<group>"; };
		6287A4A01BC582DD00A615CC /* Assets.xcassets */ = {isa = PBXFileReference; lastKnownFileType = folder.assetcatalog; path = Assets.xcassets; sourceTree = "<group>"; };
		6287A4A31BC582DD00A615CC /* Base */ = {isa = PBXFileReference; lastKnownFileType = file.storyboard; name = Base; path = Base.lproj/LaunchScreen.storyboard; sourceTree = "<group>"; };
		6287A4A51BC582DD00A615CC /* Info.plist */ = {isa = PBXFileReference; lastKnownFileType = text.plist.xml; path = Info.plist; sourceTree = "<group>"; };
/* End PBXFileReference section */

/* Begin PBXFrameworksBuildPhase section */
		6287A48E1BC582DD00A615CC /* Frameworks */ = {
			isa = PBXFrameworksBuildPhase;
			buildActionMask = 2147483647;
			files = (
			);
			runOnlyForDeploymentPostprocessing = 0;
		};
/* End PBXFrameworksBuildPhase section */

/* Begin PBXGroup section */
		6287A4881BC582DD00A615CC = {
			isa = PBXGroup;
			children = (
				6287A4931BC582DD00A615CC /* ReversMe */,
				6287A4921BC582DD00A615CC /* Products */,
			);
			sourceTree = "<group>";
		};
		6287A4921BC582DD00A615CC /* Products */ = {
			isa = PBXGroup;
			children = (
				6287A4911BC582DD00A615CC /* ReversMe.app */,
			);
			name = Products;
			sourceTree = "<group>";
		};
		6287A4931BC582DD00A615CC /* ReversMe */ = {
			isa = PBXGroup;
			children = (
				6287A4971BC582DD00A615CC /* AppDelegate.h */,
				6287A4981BC582DD00A615CC /* AppDelegate.m */,
				6287A49A1BC582DD00A615CC /* ViewController.h */,
				6287A49B1BC582DD00A615CC /* ViewController.m */,
				6287A49D1BC582DD00A615CC /* Main.storyboard */,
				6287A4A01BC582DD00A615CC /* Assets.xcassets */,
				6287A4A21BC582DD00A615CC /* LaunchScreen.storyboard */,
				6287A4A51BC582DD00A615CC /* Info.plist */,
				6287A4941BC582DD00A615CC /* Supporting Files */,
			);
			path = ReversMe;
			sourceTree = "<group>";
		};
		6287A4941BC582DD00A615CC /* Supporting Files */ = {
			isa = PBXGroup;
			children = (
				6287A4951BC582DD00A615CC /* main.m */,
			);
			name = "Supporting Files";
			sourceTree = "<group>";
		};
/* End PBXGroup section */

/* Begin PBXNativeTarget section */
		6287A4901BC582DD00A615CC /* ReversMe */ = {
			isa = PBXNativeTarget;
			buildConfigurationList = 6287A4A81BC582DD00A615CC /* Build configuration list for PBXNativeTarget "ReversMe" */;
			buildPhases = (
				6287A48D1BC582DD00A615CC /* Sources */,
				6287A48E1BC582DD00A615CC /* Frameworks */,
				6287A48F1BC582DD00A615CC /* Resources */,
			);
			buildRules = (
			);
			dependencies = (
			);
			name = ReversMe;
			productName = ReversMe;
			productReference = 6287A4911BC582DD00A615CC /* ReversMe.app */;
			productType = "com.apple.product-type.application";
		};
/* End PBXNativeTarget section */

/* Begin PBXProject section */
		6287A4891BC582DD00A615CC /* Project object */ = {
			isa = PBXProject;
			attributes = {
				LastUpgradeCheck = 0700;
				ORGANIZATIONNAME = "Jaume Martin";
				TargetAttributes = {
					6287A4901BC582DD00A615CC = {
						CreatedOnToolsVersion = 7.0.1;
						DevelopmentTeam = X92S8V78V9;
					};
				};
			};
			buildConfigurationList = 6287A48C1BC582DD00A615CC /* Build configuration list for PBXProject "ReversMe" */;
			compatibilityVersion = "Xcode 3.2";
			developmentRegion = English;
			hasScannedForEncodings = 0;
			knownRegions = (
				en,
				Base,
			);
			mainGroup = 6287A4881BC582DD00A615CC;
			productRefGroup = 6287A4921BC582DD00A615CC /* Products */;
			projectDirPath = "";
			projectRoot = "";
			targets = (
				6287A4901BC582DD00A615CC /* ReversMe */,
			);
		};
/* End PBXProject section */

/* Begin PBXResourcesBuildPhase section */
		6287A48F1BC582DD00A615CC /* Resources */ = {
			isa = PBXResourcesBuildPhase;
			buildActionMask = 2147483647;
			files = (
				6287A4A41BC582DD00A615CC /* LaunchScreen.storyboard in Resources */,
				6287A4A11BC582DD00A615CC /* Assets.xcassets in Resources */,
				6287A49F1BC582DD00A615CC /* Main.storyboard in Resources */,
			);
			runOnlyForDeploymentPostprocessing = 0;
		};
/* End PBXResourcesBuildPhase section */

/* Begin PBXSourcesBuildPhase section */
		6287A48D1BC582DD00A615CC /* Sources */ = {
			isa = PBXSourcesBuildPhase;
			buildActionMask = 2147483647;
			files = (
				6287A49C1BC582DD00A615CC /* ViewController.m in Sources */,
				6287A4991BC582DD00A615CC /* AppDelegate.m in Sources */,
				6287A4961BC582DD00A615CC /* main.m in Sources */,
			);
			runOnlyForDeploymentPostprocessing = 0;
		};
/* End PBXSourcesBuildPhase section */

/* Begin PBXVariantGroup section */
		6287A49D1BC582DD00A615CC /* Main.storyboard */ = {
			isa = PBXVariantGroup;
			children = (
				6287A49E1BC582DD00A615CC /* Base */,
			);
			name = Main.storyboard;
			sourceTree = "<group>";
		};
		6287A4A21BC582DD00A615CC /* LaunchScreen.storyboard */ = {
			isa = PBXVariantGroup;
			children = (
				6287A4A31BC582DD00A615CC /* Base */,
			);
			name = LaunchScreen.storyboard;
			sourceTree = "<group>";
		};
/* End PBXVariantGroup section */

/* Begin XCBuildConfiguration section */
		6287A4A61BC582DD00A615CC /* Debug */ = {
			isa = XCBuildConfiguration;
			buildSettings = {
				ALWAYS_SEARCH_USER_PATHS = NO;
				CLANG_CXX_LANGUAGE_STANDARD = "gnu++0x";
				CLANG_CXX_LIBRARY = "libc++";
				CLANG_ENABLE_MODULES = YES;
				CLANG_ENABLE_OBJC_ARC = YES;
				CLANG_WARN_BOOL_CONVERSION = YES;
				CLANG_WARN_CONSTANT_CONVERSION = YES;
				CLANG_WARN_DIRECT_OBJC_ISA_USAGE = YES_ERROR;
				CLANG_WARN_EMPTY_BODY = YES;
				CLANG_WARN_ENUM_CONVERSION = YES;
				CLANG_WARN_INT_CONVERSION = YES;
				CLANG_WARN_OBJC_ROOT_CLASS = YES_ERROR;
				CLANG_WARN_UNREACHABLE_CODE = YES;
				CLANG_WARN__DUPLICATE_METHOD_MATCH = YES;
				"CODE_SIGN_IDENTITY[sdk=iphoneos*]" = "iPhone Developer";
				COPY_PHASE_STRIP = NO;
				DEBUG_INFORMATION_FORMAT = dwarf;
				ENABLE_STRICT_OBJC_MSGSEND = YES;
				ENABLE_TESTABILITY = YES;
				GCC_C_LANGUAGE_STANDARD = gnu99;
				GCC_DYNAMIC_NO_PIC = NO;
				GCC_NO_COMMON_BLOCKS = YES;
				GCC_OPTIMIZATION_LEVEL = 0;
				GCC_PREPROCESSOR_DEFINITIONS = (
					"DEBUG=1",
					"$(inherited)",
				);
				GCC_WARN_64_TO_32_BIT_CONVERSION = YES;
				GCC_WARN_ABOUT_RETURN_TYPE = YES_ERROR;
				GCC_WARN_UNDECLARED_SELECTOR = YES;
				GCC_WARN_UNINITIALIZED_AUTOS = YES_AGGRESSIVE;
				GCC_WARN_UNUSED_FUNCTION = YES;
				GCC_WARN_UNUSED_VARIABLE = YES;
				IPHONEOS_DEPLOYMENT_TARGET = 9.0;
				MTL_ENABLE_DEBUG_INFO = YES;
				ONLY_ACTIVE_ARCH = YES;
				SDKROOT = iphoneos;
			};
			name = Debug;
		};
		6287A4A71BC582DD00A615CC /* Release */ = {
			isa = XCBuildConfiguration;
			buildSettings = {
				ALWAYS_SEARCH_USER_PATHS = NO;
				CLANG_CXX_LANGUAGE_STANDARD = "gnu++0x";
				CLANG_CXX_LIBRARY = "libc++";
				CLANG_ENABLE_MODULES = YES;
				CLANG_ENABLE_OBJC_ARC = YES;
				CLANG_WARN_BOOL_CONVERSION = YES;
				CLANG_WARN_CONSTANT_CONVERSION = YES;
				CLANG_WARN_DIRECT_OBJC_ISA_USAGE = YES_ERROR;
				CLANG_WARN_EMPTY_BODY = YES;
				CLANG_WARN_ENUM_CONVERSION = YES;
				CLANG_WARN_INT_CONVERSION = YES;
				CLANG_WARN_OBJC_ROOT_CLASS = YES_ERROR;
				CLANG_WARN_UNREACHABLE_CODE = YES;
				CLANG_WARN__DUPLICATE_METHOD_MATCH = YES;
				"CODE_SIGN_IDENTITY[sdk=iphoneos*]" = "iPhone Developer";
				COPY_PHASE_STRIP = NO;
				DEBUG_INFORMATION_FORMAT = "dwarf-with-dsym";
				ENABLE_NS_ASSERTIONS = NO;
				ENABLE_STRICT_OBJC_MSGSEND = YES;
				GCC_C_LANGUAGE_STANDARD = gnu99;
				GCC_NO_COMMON_BLOCKS = YES;
				GCC_WARN_64_TO_32_BIT_CONVERSION = YES;
				GCC_WARN_ABOUT_RETURN_TYPE = YES_ERROR;
				GCC_WARN_UNDECLARED_SELECTOR = YES;
				GCC_WARN_UNINITIALIZED_AUTOS = YES_AGGRESSIVE;
				GCC_WARN_UNUSED_FUNCTION = YES;
				GCC_WARN_UNUSED_VARIABLE = YES;
				IPHONEOS_DEPLOYMENT_TARGET = 9.0;
				MTL_ENABLE_DEBUG_INFO = NO;
				SDKROOT = iphoneos;
				VALIDATE_PRODUCT = YES;
			};
			name = Release;
		};
		6287A4A91BC582DD00A615CC /* Debug */ = {
			isa = XCBuildConfiguration;
			buildSettings = {
				ASSETCATALOG_COMPILER_APPICON_NAME = AppIcon;
				INFOPLIST_FILE = ReversMe/Info.plist;
				LD_RUNPATH_SEARCH_PATHS = "$(inherited) @executable_path/Frameworks";
				PRODUCT_BUNDLE_IDENTIFIER = es.securityartwork.ReversMe;
				PRODUCT_NAME = "$(TARGET_NAME)";
			};
			name = Debug;
		};
		6287A4AA1BC582DD00A615CC /* Release */ = {
			isa = XCBuildConfiguration;
			buildSettings = {
				ASSETCATALOG_COMPILER_APPICON_NAME = AppIcon;
				INFOPLIST_FILE = ReversMe/Info.plist;
				LD_RUNPATH_SEARCH_PATHS = "$(inherited) @executable_path/Frameworks";
				PRODUCT_BUNDLE_IDENTIFIER = es.securityartwork.ReversMe;
				PRODUCT_NAME = "$(TARGET_NAME)";
			};
			name = Release;
		};
/* End XCBuildConfiguration section */

/* Begin XCConfigurationList section */
		6287A48C1BC582DD00A615CC /* Build configuration list for PBXProject "ReversMe" */ = {
			isa = XCConfigurationList;
			buildConfigurations = (
				6287A4A61BC582DD00A615CC /* Debug */,
				6287A4A71BC582DD00A615CC /* Release */,
			);
			defaultConfigurationIsVisible = 0;
			defaultConfigurationName = Release;
		};
		6287A4A81BC582DD00A615CC /* Build configuration list for PBXNativeTarget "ReversMe" */ = {
			isa = XCConfigurationList;
			buildConfigurations = (
				6287A4A91BC582DD00A615CC /* Debug */,
				6287A4AA1BC582DD00A615CC /* Release */,
			);
			defaultConfigurationIsVisible = 0;
		};
/* End XCConfigurationList section */
	};
	rootObject = 6287A4891BC582DD00A615CC /* Project object */;
}
